
Microsoft Visual Studio Solution File, Format Version 12.00
# Visual Studio Version 16
VisualStudioVersion = 16.0.29326.143
MinimumVisualStudioVersion = 10.0.40219.1
Project("{FAE04EC0-301F-11D3-BF4B-00C04F79EFBC}") = "MonApiGuate", "MonApiGuate\MonApiGuate.csproj", "{633A7563-428C-463D-BDE1-74BF2610ECBB}"
EndProject
Global
	GlobalSection(SolutionConfigurationPlatforms) = preSolution
		Debug|Any CPU = Debug|Any CPU
		Release|Any CPU = Release|Any CPU
	EndGlobalSection
	GlobalSection(ProjectConfigurationPlatforms) = postSolution
		{633A7563-428C-463D-BDE1-74BF2610ECBB}.Debug|Any CPU.ActiveCfg = Debug|Any CPU
		{633A7563-428C-463D-BDE1-74BF2610ECBB}.Debug|Any CPU.Build.0 = Debug|Any CPU
		{633A7563-428C-463D-BDE1-74BF2610ECBB}.Release|Any CPU.ActiveCfg = Release|Any CPU
		{633A7563-428C-463D-BDE1-74BF2610ECBB}.Release|Any CPU.Build.0 = Release|Any CPU
	EndGlobalSection
	GlobalSection(SolutionProperties) = preSolution
		HideSolutionNode = FALSE
	EndGlobalSection
	GlobalSection(ExtensibilityGlobals) = postSolution
		SolutionGuid = {3058C8E3-E55A-4E74-94F8-B710F8118E07}
	EndGlobalSection
EndGlobal
